// !$*UTF8*$!
{
	archiveVersion = 1;
	classes = {
	};
	objectVersion = 55;
	objects = {

/* Begin PBXBuildFile section */
		F518B3F62943EF1B00AB34FB /* DataModel.xcdatamodeld in Sources */ = {isa = PBXBuildFile; fileRef = F518B3F42943EF1B00AB34FB /* DataModel.xcdatamodeld */; };
		F518B3FC294404FC00AB34FB /* Functions.swift in Sources */ = {isa = PBXBuildFile; fileRef = F518B3FB294404FC00AB34FB /* Functions.swift */; };
		F55CE2AF296CA45A00E862F4 /* RegionEvent+CoreDataClass.swift in Sources */ = {isa = PBXBuildFile; fileRef = F55CE2AB296CA45A00E862F4 /* RegionEvent+CoreDataClass.swift */; };
		F55CE2B0296CA45A00E862F4 /* RegionEvent+CoreDataProperties.swift in Sources */ = {isa = PBXBuildFile; fileRef = F55CE2AC296CA45A00E862F4 /* RegionEvent+CoreDataProperties.swift */; };
		F55CE2B1296CA45A00E862F4 /* Location+CoreDataClass.swift in Sources */ = {isa = PBXBuildFile; fileRef = F55CE2AD296CA45A00E862F4 /* Location+CoreDataClass.swift */; };
		F55CE2B2296CA45A00E862F4 /* Location+CoreDataProperties.swift in Sources */ = {isa = PBXBuildFile; fileRef = F55CE2AE296CA45A00E862F4 /* Location+CoreDataProperties.swift */; };
		F57AABFE299ADDB5005C5890 /* SearchResultsVC.swift in Sources */ = {isa = PBXBuildFile; fileRef = F57AABFD299ADDB5005C5890 /* SearchResultsVC.swift */; };
		F57AAC00299AE010005C5890 /* SearchResultsTC.swift in Sources */ = {isa = PBXBuildFile; fileRef = F57AABFF299AE010005C5890 /* SearchResultsTC.swift */; };
		F5908E7F29491419006AC559 /* SimulatedLocations.gpx in Resources */ = {isa = PBXBuildFile; fileRef = F5908E7E29491419006AC559 /* SimulatedLocations.gpx */; };
		F5908E8129491426006AC559 /* Google.gpx in Resources */ = {isa = PBXBuildFile; fileRef = F5908E8029491426006AC559 /* Google.gpx */; };
		F5908E832949142F006AC559 /* Apple.gpx in Resources */ = {isa = PBXBuildFile; fileRef = F5908E822949142F006AC559 /* Apple.gpx */; };
		F59B42092929604A001F0269 /* AppDelegate.swift in Sources */ = {isa = PBXBuildFile; fileRef = F59B42082929604A001F0269 /* AppDelegate.swift */; };
		F59B420B2929604A001F0269 /* SceneDelegate.swift in Sources */ = {isa = PBXBuildFile; fileRef = F59B420A2929604A001F0269 /* SceneDelegate.swift */; };
		F59B420D2929604A001F0269 /* MainMapVC.swift in Sources */ = {isa = PBXBuildFile; fileRef = F59B420C2929604A001F0269 /* MainMapVC.swift */; };
		F59B42102929604A001F0269 /* Main.storyboard in Resources */ = {isa = PBXBuildFile; fileRef = F59B420E2929604A001F0269 /* Main.storyboard */; };
		F59B42152929604D001F0269 /* Assets.xcassets in Resources */ = {isa = PBXBuildFile; fileRef = F59B42142929604D001F0269 /* Assets.xcassets */; };
		F59B42182929604D001F0269 /* LaunchScreen.storyboard in Resources */ = {isa = PBXBuildFile; fileRef = F59B42162929604D001F0269 /* LaunchScreen.storyboard */; };
		F59FD2B62933CD2100EEAC30 /* DetailLocationVC.swift in Sources */ = {isa = PBXBuildFile; fileRef = F59FD2B52933CD2100EEAC30 /* DetailLocationVC.swift */; };
		F5C99DB92966AA76003A333C /* HudView.swift in Sources */ = {isa = PBXBuildFile; fileRef = F5C99DB82966AA76003A333C /* HudView.swift */; };
		F5CF1B9C296652E1003DEF02 /* DetailTableViewCell.swift in Sources */ = {isa = PBXBuildFile; fileRef = F5CF1B9B296652E1003DEF02 /* DetailTableViewCell.swift */; };
		F5D2D8C82929A40B00A065AD /* AddLocationVC.swift in Sources */ = {isa = PBXBuildFile; fileRef = F5D2D8C72929A40B00A065AD /* AddLocationVC.swift */; };
		F5D2D8CB2929A96E00A065AD /* Utilities.swift in Sources */ = {isa = PBXBuildFile; fileRef = F5D2D8CA2929A96E00A065AD /* Utilities.swift */; };
		F5DD12EE29626B0B003B5BD7 /* LoginVC.swift in Sources */ = {isa = PBXBuildFile; fileRef = F5DD12ED29626B0B003B5BD7 /* LoginVC.swift */; };
		F5DD12F029626D80003B5BD7 /* KeychainItem.swift in Sources */ = {isa = PBXBuildFile; fileRef = F5DD12EF29626D80003B5BD7 /* KeychainItem.swift */; };
		F5DD12F329627A9B003B5BD7 /* SlideInPresentationManager.swift in Sources */ = {isa = PBXBuildFile; fileRef = F5DD12F229627A9B003B5BD7 /* SlideInPresentationManager.swift */; };
		F5DD12F529627C23003B5BD7 /* SlideInPresentationAnimator.swift in Sources */ = {isa = PBXBuildFile; fileRef = F5DD12F429627C23003B5BD7 /* SlideInPresentationAnimator.swift */; };
		F5DD12F729627CAB003B5BD7 /* SlideInPresentationController.swift in Sources */ = {isa = PBXBuildFile; fileRef = F5DD12F629627CAB003B5BD7 /* SlideInPresentationController.swift */; };
		F5DD12F929627D0A003B5BD7 /* LeftMenuVC.swift in Sources */ = {isa = PBXBuildFile; fileRef = F5DD12F829627D0A003B5BD7 /* LeftMenuVC.swift */; };
		F5DD12FE29627F79003B5BD7 /* LeftMenuTVCell.swift in Sources */ = {isa = PBXBuildFile; fileRef = F5DD12FD29627F79003B5BD7 /* LeftMenuTVCell.swift */; };
		F5F3ED09295B8C4A0038B64F /* DataManager.swift in Sources */ = {isa = PBXBuildFile; fileRef = F5F3ED08295B8C4A0038B64F /* DataManager.swift */; };
		F5F3ED2B295BF2510038B64F /* Sound in Resources */ = {isa = PBXBuildFile; fileRef = F5F3ED2A295BF2510038B64F /* Sound */; };
/* End PBXBuildFile section */

/* Begin PBXFileReference section */
		F518B3F52943EF1B00AB34FB /* DataModel.xcdatamodel */ = {isa = PBXFileReference; lastKnownFileType = wrapper.xcdatamodel; path = DataModel.xcdatamodel; sourceTree = "<group>"; };
		F518B3FB294404FC00AB34FB /* Functions.swift */ = {isa = PBXFileReference; lastKnownFileType = sourcecode.swift; path = Functions.swift; sourceTree = "<group>"; };
		F55CE2AB296CA45A00E862F4 /* RegionEvent+CoreDataClass.swift */ = {isa = PBXFileReference; lastKnownFileType = sourcecode.swift; path = "RegionEvent+CoreDataClass.swift"; sourceTree = "<group>"; };
		F55CE2AC296CA45A00E862F4 /* RegionEvent+CoreDataProperties.swift */ = {isa = PBXFileReference; lastKnownFileType = sourcecode.swift; path = "RegionEvent+CoreDataProperties.swift"; sourceTree = "<group>"; };
		F55CE2AD296CA45A00E862F4 /* Location+CoreDataClass.swift */ = {isa = PBXFileReference; lastKnownFileType = sourcecode.swift; path = "Location+CoreDataClass.swift"; sourceTree = "<group>"; };
		F55CE2AE296CA45A00E862F4 /* Location+CoreDataProperties.swift */ = {isa = PBXFileReference; lastKnownFileType = sourcecode.swift; path = "Location+CoreDataProperties.swift"; sourceTree = "<group>"; };
		F57AABFD299ADDB5005C5890 /* SearchResultsVC.swift */ = {isa = PBXFileReference; lastKnownFileType = sourcecode.swift; path = SearchResultsVC.swift; sourceTree = "<group>"; };
		F57AABFF299AE010005C5890 /* SearchResultsTC.swift */ = {isa = PBXFileReference; lastKnownFileType = sourcecode.swift; path = SearchResultsTC.swift; sourceTree = "<group>"; };
		F5908E7E29491419006AC559 /* SimulatedLocations.gpx */ = {isa = PBXFileReference; fileEncoding = 4; lastKnownFileType = text.xml; path = SimulatedLocations.gpx; sourceTree = "<group>"; };
		F5908E8029491426006AC559 /* Google.gpx */ = {isa = PBXFileReference; fileEncoding = 4; lastKnownFileType = text.xml; path = Google.gpx; sourceTree = "<group>"; };
		F5908E822949142F006AC559 /* Apple.gpx */ = {isa = PBXFileReference; fileEncoding = 4; lastKnownFileType = text.xml; path = Apple.gpx; sourceTree = "<group>"; };
		F59B42052929604A001F0269 /* GymTracker.app */ = {isa = PBXFileReference; explicitFileType = wrapper.application; includeInIndex = 0; path = GymTracker.app; sourceTree = BUILT_PRODUCTS_DIR; };
		F59B42082929604A001F0269 /* AppDelegate.swift */ = {isa = PBXFileReference; lastKnownFileType = sourcecode.swift; path = AppDelegate.swift; sourceTree = "<group>"; };
		F59B420A2929604A001F0269 /* SceneDelegate.swift */ = {isa = PBXFileReference; lastKnownFileType = sourcecode.swift; path = SceneDelegate.swift; sourceTree = "<group>"; };
		F59B420C2929604A001F0269 /* MainMapVC.swift */ = {isa = PBXFileReference; lastKnownFileType = sourcecode.swift; path = MainMapVC.swift; sourceTree = "<group>"; };
		F59B420F2929604A001F0269 /* Base */ = {isa = PBXFileReference; lastKnownFileType = file.storyboard; name = Base; path = Base.lproj/Main.storyboard; sourceTree = "<group>"; };
		F59B42142929604D001F0269 /* Assets.xcassets */ = {isa = PBXFileReference; lastKnownFileType = folder.assetcatalog; path = Assets.xcassets; sourceTree = "<group>"; };
		F59B42172929604D001F0269 /* Base */ = {isa = PBXFileReference; lastKnownFileType = file.storyboard; name = Base; path = Base.lproj/LaunchScreen.storyboard; sourceTree = "<group>"; };
		F59B42192929604D001F0269 /* Info.plist */ = {isa = PBXFileReference; lastKnownFileType = text.plist.xml; path = Info.plist; sourceTree = "<group>"; };
		F59FD2B52933CD2100EEAC30 /* DetailLocationVC.swift */ = {isa = PBXFileReference; lastKnownFileType = sourcecode.swift; path = DetailLocationVC.swift; sourceTree = "<group>"; };
		F5C99DB82966AA76003A333C /* HudView.swift */ = {isa = PBXFileReference; lastKnownFileType = sourcecode.swift; path = HudView.swift; sourceTree = "<group>"; };
		F5CF1B9B296652E1003DEF02 /* DetailTableViewCell.swift */ = {isa = PBXFileReference; lastKnownFileType = sourcecode.swift; path = DetailTableViewCell.swift; sourceTree = "<group>"; };
		F5D2D8C72929A40B00A065AD /* AddLocationVC.swift */ = {isa = PBXFileReference; lastKnownFileType = sourcecode.swift; path = AddLocationVC.swift; sourceTree = "<group>"; };
		F5D2D8CA2929A96E00A065AD /* Utilities.swift */ = {isa = PBXFileReference; lastKnownFileType = sourcecode.swift; path = Utilities.swift; sourceTree = "<group>"; };
		F5DD12ED29626B0B003B5BD7 /* LoginVC.swift */ = {isa = PBXFileReference; lastKnownFileType = sourcecode.swift; path = LoginVC.swift; sourceTree = "<group>"; };
		F5DD12EF29626D80003B5BD7 /* KeychainItem.swift */ = {isa = PBXFileReference; lastKnownFileType = sourcecode.swift; path = KeychainItem.swift; sourceTree = "<group>"; };
		F5DD12F1296270EC003B5BD7 /* GymTracker.entitlements */ = {isa = PBXFileReference; lastKnownFileType = text.plist.entitlements; path = GymTracker.entitlements; sourceTree = "<group>"; };
		F5DD12F229627A9B003B5BD7 /* SlideInPresentationManager.swift */ = {isa = PBXFileReference; lastKnownFileType = sourcecode.swift; path = SlideInPresentationManager.swift; sourceTree = "<group>"; };
		F5DD12F429627C23003B5BD7 /* SlideInPresentationAnimator.swift */ = {isa = PBXFileReference; lastKnownFileType = sourcecode.swift; path = SlideInPresentationAnimator.swift; sourceTree = "<group>"; };
		F5DD12F629627CAB003B5BD7 /* SlideInPresentationController.swift */ = {isa = PBXFileReference; lastKnownFileType = sourcecode.swift; path = SlideInPresentationController.swift; sourceTree = "<group>"; };
		F5DD12F829627D0A003B5BD7 /* LeftMenuVC.swift */ = {isa = PBXFileReference; lastKnownFileType = sourcecode.swift; path = LeftMenuVC.swift; sourceTree = "<group>"; };
		F5DD12FD29627F79003B5BD7 /* LeftMenuTVCell.swift */ = {isa = PBXFileReference; lastKnownFileType = sourcecode.swift; path = LeftMenuTVCell.swift; sourceTree = "<group>"; };
		F5F3ED08295B8C4A0038B64F /* DataManager.swift */ = {isa = PBXFileReference; lastKnownFileType = sourcecode.swift; path = DataManager.swift; sourceTree = "<group>"; };
		F5F3ED2A295BF2510038B64F /* Sound */ = {isa = PBXFileReference; lastKnownFileType = folder; path = Sound; sourceTree = "<group>"; };
/* End PBXFileReference section */

/* Begin PBXFrameworksBuildPhase section */
		F59B42022929604A001F0269 /* Frameworks */ = {
			isa = PBXFrameworksBuildPhase;
			buildActionMask = 2147483647;
			files = (
			);
			runOnlyForDeploymentPostprocessing = 0;
		};
/* End PBXFrameworksBuildPhase section */

/* Begin PBXGroup section */
		F506F00E292BF584002BF373 /* Models */ = {
			isa = PBXGroup;
			children = (
				F518B3F42943EF1B00AB34FB /* DataModel.xcdatamodeld */,
			);
			path = Models;
			sourceTree = "<group>";
		};
		F50B1666296B57AD00D5C48A /* Delegates */ = {
			isa = PBXGroup;
			children = (
				F59B42082929604A001F0269 /* AppDelegate.swift */,
				F59B420A2929604A001F0269 /* SceneDelegate.swift */,
			);
			path = Delegates;
			sourceTree = "<group>";
		};
		F59B41FC2929604A001F0269 = {
			isa = PBXGroup;
			children = (
				F55CE2AD296CA45A00E862F4 /* Location+CoreDataClass.swift */,
				F55CE2AE296CA45A00E862F4 /* Location+CoreDataProperties.swift */,
				F55CE2AB296CA45A00E862F4 /* RegionEvent+CoreDataClass.swift */,
				F55CE2AC296CA45A00E862F4 /* RegionEvent+CoreDataProperties.swift */,
				F59B42072929604A001F0269 /* GymTracker */,
				F59B42062929604A001F0269 /* Products */,
			);
			sourceTree = "<group>";
		};
		F59B42062929604A001F0269 /* Products */ = {
			isa = PBXGroup;
			children = (
				F59B42052929604A001F0269 /* GymTracker.app */,
			);
			name = Products;
			sourceTree = "<group>";
		};
		F59B42072929604A001F0269 /* GymTracker */ = {
			isa = PBXGroup;
			children = (
				F5DD12F1296270EC003B5BD7 /* GymTracker.entitlements */,
				F50B1666296B57AD00D5C48A /* Delegates */,
				F506F00E292BF584002BF373 /* Models */,
				F5D2D8C92929A43D00A065AD /* Screens */,
				F5DD12FC29627EDC003B5BD7 /* Cells */,
				F5D493392932A82F00776B07 /* Managers */,
				F59B42162929604D001F0269 /* LaunchScreen.storyboard */,
				F59B420E2929604A001F0269 /* Main.storyboard */,
				F5C99DBA2966B28A003A333C /* MenuHelpers */,
				F518B3FB294404FC00AB34FB /* Functions.swift */,
				F5D2D8CA2929A96E00A065AD /* Utilities.swift */,
				F5F3ED2A295BF2510038B64F /* Sound */,
				F5C99DB82966AA76003A333C /* HudView.swift */,
				F5DD12EF29626D80003B5BD7 /* KeychainItem.swift */,
				F5908E822949142F006AC559 /* Apple.gpx */,
				F5908E8029491426006AC559 /* Google.gpx */,
				F5908E7E29491419006AC559 /* SimulatedLocations.gpx */,
				F59B42142929604D001F0269 /* Assets.xcassets */,
				F59B42192929604D001F0269 /* Info.plist */,
			);
			path = GymTracker;
			sourceTree = "<group>";
		};
		F5C99DBA2966B28A003A333C /* MenuHelpers */ = {
			isa = PBXGroup;
			children = (
				F5DD12F429627C23003B5BD7 /* SlideInPresentationAnimator.swift */,
				F5DD12F229627A9B003B5BD7 /* SlideInPresentationManager.swift */,
				F5DD12F629627CAB003B5BD7 /* SlideInPresentationController.swift */,
			);
			path = MenuHelpers;
			sourceTree = "<group>";
		};
		F5D2D8C92929A43D00A065AD /* Screens */ = {
			isa = PBXGroup;
			children = (
				F5DD12ED29626B0B003B5BD7 /* LoginVC.swift */,
				F59B420C2929604A001F0269 /* MainMapVC.swift */,
				F5D2D8C72929A40B00A065AD /* AddLocationVC.swift */,
				F57AABFD299ADDB5005C5890 /* SearchResultsVC.swift */,
				F59FD2B52933CD2100EEAC30 /* DetailLocationVC.swift */,
				F5DD12F829627D0A003B5BD7 /* LeftMenuVC.swift */,
			);
			path = Screens;
			sourceTree = "<group>";
		};
		F5D493392932A82F00776B07 /* Managers */ = {
			isa = PBXGroup;
			children = (
				F5F3ED08295B8C4A0038B64F /* DataManager.swift */,
			);
			path = Managers;
			sourceTree = "<group>";
		};
		F5DD12FC29627EDC003B5BD7 /* Cells */ = {
			isa = PBXGroup;
			children = (
				F57AABFF299AE010005C5890 /* SearchResultsTC.swift */,
				F5CF1B9B296652E1003DEF02 /* DetailTableViewCell.swift */,
				F5DD12FD29627F79003B5BD7 /* LeftMenuTVCell.swift */,
			);
			path = Cells;
			sourceTree = "<group>";
		};
/* End PBXGroup section */

/* Begin PBXNativeTarget section */
		F59B42042929604A001F0269 /* GymTracker */ = {
			isa = PBXNativeTarget;
			buildConfigurationList = F59B421C2929604D001F0269 /* Build configuration list for PBXNativeTarget "GymTracker" */;
			buildPhases = (
				F59B42012929604A001F0269 /* Sources */,
				F59B42022929604A001F0269 /* Frameworks */,
				F59B42032929604A001F0269 /* Resources */,
			);
			buildRules = (
			);
			dependencies = (
			);
			name = GymTracker;
			productName = GymTracker;
			productReference = F59B42052929604A001F0269 /* GymTracker.app */;
			productType = "com.apple.product-type.application";
		};
/* End PBXNativeTarget section */

/* Begin PBXProject section */
		F59B41FD2929604A001F0269 /* Project object */ = {
			isa = PBXProject;
			attributes = {
				BuildIndependentTargetsInParallel = 1;
				LastSwiftUpdateCheck = 1330;
				LastUpgradeCheck = 1330;
				TargetAttributes = {
					F59B42042929604A001F0269 = {
						CreatedOnToolsVersion = 13.3.1;
					};
				};
			};
			buildConfigurationList = F59B42002929604A001F0269 /* Build configuration list for PBXProject "GymTracker" */;
			compatibilityVersion = "Xcode 13.0";
			developmentRegion = en;
			hasScannedForEncodings = 0;
			knownRegions = (
				en,
				Base,
			);
			mainGroup = F59B41FC2929604A001F0269;
			productRefGroup = F59B42062929604A001F0269 /* Products */;
			projectDirPath = "";
			projectRoot = "";
			targets = (
				F59B42042929604A001F0269 /* GymTracker */,
			);
		};
/* End PBXProject section */

/* Begin PBXResourcesBuildPhase section */
		F59B42032929604A001F0269 /* Resources */ = {
			isa = PBXResourcesBuildPhase;
			buildActionMask = 2147483647;
			files = (
				F5908E832949142F006AC559 /* Apple.gpx in Resources */,
				F5F3ED2B295BF2510038B64F /* Sound in Resources */,
				F59B42182929604D001F0269 /* LaunchScreen.storyboard in Resources */,
				F59B42152929604D001F0269 /* Assets.xcassets in Resources */,
				F5908E8129491426006AC559 /* Google.gpx in Resources */,
				F59B42102929604A001F0269 /* Main.storyboard in Resources */,
				F5908E7F29491419006AC559 /* SimulatedLocations.gpx in Resources */,
			);
			runOnlyForDeploymentPostprocessing = 0;
		};
/* End PBXResourcesBuildPhase section */

/* Begin PBXSourcesBuildPhase section */
		F59B42012929604A001F0269 /* Sources */ = {
			isa = PBXSourcesBuildPhase;
			buildActionMask = 2147483647;
			files = (
				F55CE2B1296CA45A00E862F4 /* Location+CoreDataClass.swift in Sources */,
				F5DD12F529627C23003B5BD7 /* SlideInPresentationAnimator.swift in Sources */,
				F59B420D2929604A001F0269 /* MainMapVC.swift in Sources */,
				F5DD12FE29627F79003B5BD7 /* LeftMenuTVCell.swift in Sources */,
				F55CE2B2296CA45A00E862F4 /* Location+CoreDataProperties.swift in Sources */,
				F59B42092929604A001F0269 /* AppDelegate.swift in Sources */,
				F5F3ED09295B8C4A0038B64F /* DataManager.swift in Sources */,
				F57AAC00299AE010005C5890 /* SearchResultsTC.swift in Sources */,
				F5C99DB92966AA76003A333C /* HudView.swift in Sources */,
				F57AABFE299ADDB5005C5890 /* SearchResultsVC.swift in Sources */,
				F5D2D8C82929A40B00A065AD /* AddLocationVC.swift in Sources */,
				F59FD2B62933CD2100EEAC30 /* DetailLocationVC.swift in Sources */,
				F55CE2B0296CA45A00E862F4 /* RegionEvent+CoreDataProperties.swift in Sources */,
				F5CF1B9C296652E1003DEF02 /* DetailTableViewCell.swift in Sources */,
				F55CE2AF296CA45A00E862F4 /* RegionEvent+CoreDataClass.swift in Sources */,
				F5DD12F029626D80003B5BD7 /* KeychainItem.swift in Sources */,
				F518B3F62943EF1B00AB34FB /* DataModel.xcdatamodeld in Sources */,
				F5D2D8CB2929A96E00A065AD /* Utilities.swift in Sources */,
				F5DD12F329627A9B003B5BD7 /* SlideInPresentationManager.swift in Sources */,
				F59B420B2929604A001F0269 /* SceneDelegate.swift in Sources */,
				F5DD12F929627D0A003B5BD7 /* LeftMenuVC.swift in Sources */,
				F518B3FC294404FC00AB34FB /* Functions.swift in Sources */,
				F5DD12EE29626B0B003B5BD7 /* LoginVC.swift in Sources */,
				F5DD12F729627CAB003B5BD7 /* SlideInPresentationController.swift in Sources */,
			);
			runOnlyForDeploymentPostprocessing = 0;
		};
/* End PBXSourcesBuildPhase section */

/* Begin PBXVariantGroup section */
		F59B420E2929604A001F0269 /* Main.storyboard */ = {
			isa = PBXVariantGroup;
			children = (
				F59B420F2929604A001F0269 /* Base */,
			);
			name = Main.storyboard;
			sourceTree = "<group>";
		};
		F59B42162929604D001F0269 /* LaunchScreen.storyboard */ = {
			isa = PBXVariantGroup;
			children = (
				F59B42172929604D001F0269 /* Base */,
			);
			name = LaunchScreen.storyboard;
			sourceTree = "<group>";
		};
/* End PBXVariantGroup section */

/* Begin XCBuildConfiguration section */
		F59B421A2929604D001F0269 /* Debug */ = {
			isa = XCBuildConfiguration;
			buildSettings = {
				ALWAYS_SEARCH_USER_PATHS = NO;
				CLANG_ANALYZER_NONNULL = YES;
				CLANG_ANALYZER_NUMBER_OBJECT_CONVERSION = YES_AGGRESSIVE;
				CLANG_CXX_LANGUAGE_STANDARD = "gnu++17";
				CLANG_ENABLE_MODULES = YES;
				CLANG_ENABLE_OBJC_ARC = YES;
				CLANG_ENABLE_OBJC_WEAK = YES;
				CLANG_WARN_BLOCK_CAPTURE_AUTORELEASING = YES;
				CLANG_WARN_BOOL_CONVERSION = YES;
				CLANG_WARN_COMMA = YES;
				CLANG_WARN_CONSTANT_CONVERSION = YES;
				CLANG_WARN_DEPRECATED_OBJC_IMPLEMENTATIONS = YES;
				CLANG_WARN_DIRECT_OBJC_ISA_USAGE = YES_ERROR;
				CLANG_WARN_DOCUMENTATION_COMMENTS = YES;
				CLANG_WARN_EMPTY_BODY = YES;
				CLANG_WARN_ENUM_CONVERSION = YES;
				CLANG_WARN_INFINITE_RECURSION = YES;
				CLANG_WARN_INT_CONVERSION = YES;
				CLANG_WARN_NON_LITERAL_NULL_CONVERSION = YES;
				CLANG_WARN_OBJC_IMPLICIT_RETAIN_SELF = YES;
				CLANG_WARN_OBJC_LITERAL_CONVERSION = YES;
				CLANG_WARN_OBJC_ROOT_CLASS = YES_ERROR;
				CLANG_WARN_QUOTED_INCLUDE_IN_FRAMEWORK_HEADER = YES;
				CLANG_WARN_RANGE_LOOP_ANALYSIS = YES;
				CLANG_WARN_STRICT_PROTOTYPES = YES;
				CLANG_WARN_SUSPICIOUS_MOVE = YES;
				CLANG_WARN_UNGUARDED_AVAILABILITY = YES_AGGRESSIVE;
				CLANG_WARN_UNREACHABLE_CODE = YES;
				CLANG_WARN__DUPLICATE_METHOD_MATCH = YES;
				COPY_PHASE_STRIP = NO;
				DEBUG_INFORMATION_FORMAT = dwarf;
				ENABLE_STRICT_OBJC_MSGSEND = YES;
				ENABLE_TESTABILITY = YES;
				GCC_C_LANGUAGE_STANDARD = gnu11;
				GCC_DYNAMIC_NO_PIC = NO;
				GCC_NO_COMMON_BLOCKS = YES;
				GCC_OPTIMIZATION_LEVEL = 0;
				GCC_PREPROCESSOR_DEFINITIONS = (
					"DEBUG=1",
					"$(inherited)",
				);
				GCC_WARN_64_TO_32_BIT_CONVERSION = YES;
				GCC_WARN_ABOUT_RETURN_TYPE = YES_ERROR;
				GCC_WARN_UNDECLARED_SELECTOR = YES;
				GCC_WARN_UNINITIALIZED_AUTOS = YES_AGGRESSIVE;
				GCC_WARN_UNUSED_FUNCTION = YES;
				GCC_WARN_UNUSED_VARIABLE = YES;
				IPHONEOS_DEPLOYMENT_TARGET = 15.4;
				MTL_ENABLE_DEBUG_INFO = INCLUDE_SOURCE;
				MTL_FAST_MATH = YES;
				ONLY_ACTIVE_ARCH = YES;
				SDKROOT = iphoneos;
				SWIFT_ACTIVE_COMPILATION_CONDITIONS = DEBUG;
				SWIFT_OPTIMIZATION_LEVEL = "-Onone";
			};
			name = Debug;
		};
		F59B421B2929604D001F0269 /* Release */ = {
			isa = XCBuildConfiguration;
			buildSettings = {
				ALWAYS_SEARCH_USER_PATHS = NO;
				CLANG_ANALYZER_NONNULL = YES;
				CLANG_ANALYZER_NUMBER_OBJECT_CONVERSION = YES_AGGRESSIVE;
				CLANG_CXX_LANGUAGE_STANDARD = "gnu++17";
				CLANG_ENABLE_MODULES = YES;
				CLANG_ENABLE_OBJC_ARC = YES;
				CLANG_ENABLE_OBJC_WEAK = YES;
				CLANG_WARN_BLOCK_CAPTURE_AUTORELEASING = YES;
				CLANG_WARN_BOOL_CONVERSION = YES;
				CLANG_WARN_COMMA = YES;
				CLANG_WARN_CONSTANT_CONVERSION = YES;
				CLANG_WARN_DEPRECATED_OBJC_IMPLEMENTATIONS = YES;
				CLANG_WARN_DIRECT_OBJC_ISA_USAGE = YES_ERROR;
				CLANG_WARN_DOCUMENTATION_COMMENTS = YES;
				CLANG_WARN_EMPTY_BODY = YES;
				CLANG_WARN_ENUM_CONVERSION = YES;
				CLANG_WARN_INFINITE_RECURSION = YES;
				CLANG_WARN_INT_CONVERSION = YES;
				CLANG_WARN_NON_LITERAL_NULL_CONVERSION = YES;
				CLANG_WARN_OBJC_IMPLICIT_RETAIN_SELF = YES;
				CLANG_WARN_OBJC_LITERAL_CONVERSION = YES;
				CLANG_WARN_OBJC_ROOT_CLASS = YES_ERROR;
				CLANG_WARN_QUOTED_INCLUDE_IN_FRAMEWORK_HEADER = YES;
				CLANG_WARN_RANGE_LOOP_ANALYSIS = YES;
				CLANG_WARN_STRICT_PROTOTYPES = YES;
				CLANG_WARN_SUSPICIOUS_MOVE = YES;
				CLANG_WARN_UNGUARDED_AVAILABILITY = YES_AGGRESSIVE;
				CLANG_WARN_UNREACHABLE_CODE = YES;
				CLANG_WARN__DUPLICATE_METHOD_MATCH = YES;
				COPY_PHASE_STRIP = NO;
				DEBUG_INFORMATION_FORMAT = "dwarf-with-dsym";
				ENABLE_NS_ASSERTIONS = NO;
				ENABLE_STRICT_OBJC_MSGSEND = YES;
				GCC_C_LANGUAGE_STANDARD = gnu11;
				GCC_NO_COMMON_BLOCKS = YES;
				GCC_WARN_64_TO_32_BIT_CONVERSION = YES;
				GCC_WARN_ABOUT_RETURN_TYPE = YES_ERROR;
				GCC_WARN_UNDECLARED_SELECTOR = YES;
				GCC_WARN_UNINITIALIZED_AUTOS = YES_AGGRESSIVE;
				GCC_WARN_UNUSED_FUNCTION = YES;
				GCC_WARN_UNUSED_VARIABLE = YES;
				IPHONEOS_DEPLOYMENT_TARGET = 15.4;
				MTL_ENABLE_DEBUG_INFO = NO;
				MTL_FAST_MATH = YES;
				SDKROOT = iphoneos;
				SWIFT_COMPILATION_MODE = wholemodule;
				SWIFT_OPTIMIZATION_LEVEL = "-O";
				VALIDATE_PRODUCT = YES;
			};
			name = Release;
		};
		F59B421D2929604D001F0269 /* Debug */ = {
			isa = XCBuildConfiguration;
			buildSettings = {
				ASSETCATALOG_COMPILER_APPICON_NAME = AppIcon;
				ASSETCATALOG_COMPILER_GLOBAL_ACCENT_COLOR_NAME = AccentColor;
				CODE_SIGN_ENTITLEMENTS = GymTracker/GymTracker.entitlements;
				CODE_SIGN_STYLE = Automatic;
				CURRENT_PROJECT_VERSION = 1;
				DEVELOPMENT_TEAM = 3DMFD3YYQW;
				GENERATE_INFOPLIST_FILE = YES;
				INFOPLIST_FILE = GymTracker/Info.plist;
				INFOPLIST_KEY_NSLocalNetworkUsageDescription = "";
				INFOPLIST_KEY_NSLocationAlwaysAndWhenInUseUsageDescription = "Can I use your location bro";
				INFOPLIST_KEY_NSLocationAlwaysUsageDescription = "Can I use your location";
				INFOPLIST_KEY_NSLocationWhenInUseUsageDescription = "can I use your location?";
				INFOPLIST_KEY_UIApplicationSupportsIndirectInputEvents = YES;
				INFOPLIST_KEY_UILaunchStoryboardName = LaunchScreen;
				INFOPLIST_KEY_UIMainStoryboardFile = Main;
				INFOPLIST_KEY_UISupportedInterfaceOrientations = UIInterfaceOrientationPortrait;
				INFOPLIST_KEY_UISupportedInterfaceOrientations_iPad = "UIInterfaceOrientationPortrait UIInterfaceOrientationPortraitUpsideDown UIInterfaceOrientationLandscapeLeft UIInterfaceOrientationLandscapeRight";
				INFOPLIST_KEY_UISupportedInterfaceOrientations_iPhone = "UIInterfaceOrientationPortrait UIInterfaceOrientationLandscapeLeft UIInterfaceOrientationLandscapeRight";
				IPHONEOS_DEPLOYMENT_TARGET = 15.0;
				LD_RUNPATH_SEARCH_PATHS = (
					"$(inherited)",
					"@executable_path/Frameworks",
				);
				MARKETING_VERSION = 1.0;
				PRODUCT_BUNDLE_IDENTIFIER = com.benhuggins.GymTracker;
				PRODUCT_NAME = "$(TARGET_NAME)";
				SWIFT_EMIT_LOC_STRINGS = YES;
				SWIFT_VERSION = 5.0;
				TARGETED_DEVICE_FAMILY = 1;
			};
			name = Debug;
		};
		F59B421E2929604D001F0269 /* Release */ = {
			isa = XCBuildConfiguration;
			buildSettings = {
				ASSETCATALOG_COMPILER_APPICON_NAME = AppIcon;
				ASSETCATALOG_COMPILER_GLOBAL_ACCENT_COLOR_NAME = AccentColor;
				CODE_SIGN_ENTITLEMENTS = GymTracker/GymTracker.entitlements;
				CODE_SIGN_STYLE = Automatic;
				CURRENT_PROJECT_VERSION = 1;
				DEVELOPMENT_TEAM = 3DMFD3YYQW;
				GENERATE_INFOPLIST_FILE = YES;
				INFOPLIST_FILE = GymTracker/Info.plist;
				INFOPLIST_KEY_NSLocalNetworkUsageDescription = "";
				INFOPLIST_KEY_NSLocationAlwaysAndWhenInUseUsageDescription = "Can I use your location bro";
				INFOPLIST_KEY_NSLocationAlwaysUsageDescription = "Can I use your location";
				INFOPLIST_KEY_NSLocationWhenInUseUsageDescription = "can I use your location?";
				INFOPLIST_KEY_UIApplicationSupportsIndirectInputEvents = YES;
				INFOPLIST_KEY_UILaunchStoryboardName = LaunchScreen;
				INFOPLIST_KEY_UIMainStoryboardFile = Main;
				INFOPLIST_KEY_UISupportedInterfaceOrientations = UIInterfaceOrientationPortrait;
				INFOPLIST_KEY_UISupportedInterfaceOrientations_iPad = "UIInterfaceOrientationPortrait UIInterfaceOrientationPortraitUpsideDown UIInterfaceOrientationLandscapeLeft UIInterfaceOrientationLandscapeRight";
				INFOPLIST_KEY_UISupportedInterfaceOrientations_iPhone = "UIInterfaceOrientationPortrait UIInterfaceOrientationLandscapeLeft UIInterfaceOrientationLandscapeRight";
				IPHONEOS_DEPLOYMENT_TARGET = 15.0;
				LD_RUNPATH_SEARCH_PATHS = (
					"$(inherited)",
					"@executable_path/Frameworks",
				);
				MARKETING_VERSION = 1.0;
				PRODUCT_BUNDLE_IDENTIFIER = com.benhuggins.GymTracker;
				PRODUCT_NAME = "$(TARGET_NAME)";
				SWIFT_EMIT_LOC_STRINGS = YES;
				SWIFT_VERSION = 5.0;
				TARGETED_DEVICE_FAMILY = 1;
			};
			name = Release;
		};
/* End XCBuildConfiguration section */

/* Begin XCConfigurationList section */
		F59B42002929604A001F0269 /* Build configuration list for PBXProject "GymTracker" */ = {
			isa = XCConfigurationList;
			buildConfigurations = (
				F59B421A2929604D001F0269 /* Debug */,
				F59B421B2929604D001F0269 /* Release */,
			);
			defaultConfigurationIsVisible = 0;
			defaultConfigurationName = Release;
		};
		F59B421C2929604D001F0269 /* Build configuration list for PBXNativeTarget "GymTracker" */ = {
			isa = XCConfigurationList;
			buildConfigurations = (
				F59B421D2929604D001F0269 /* Debug */,
				F59B421E2929604D001F0269 /* Release */,
			);
			defaultConfigurationIsVisible = 0;
			defaultConfigurationName = Release;
		};
/* End XCConfigurationList section */

/* Begin XCVersionGroup section */
		F518B3F42943EF1B00AB34FB /* DataModel.xcdatamodeld */ = {
			isa = XCVersionGroup;
			children = (
				F518B3F52943EF1B00AB34FB /* DataModel.xcdatamodel */,
			);
			currentVersion = F518B3F52943EF1B00AB34FB /* DataModel.xcdatamodel */;
			path = DataModel.xcdatamodeld;
			sourceTree = "<group>";
			versionGroupType = wrapper.xcdatamodel;
		};
/* End XCVersionGroup section */
	};
	rootObject = F59B41FD2929604A001F0269 /* Project object */;
}
